{
  "requires": true,
  "lockfileVersion": 1,
  "dependencies": {
    "cmanghel-palindrome": {
      "version": "0.1.1",
      "resolved": "https://registry.npmjs.org/cmanghel-palindrome/-/cmanghel-palindrome-0.1.1.tgz",
      "integrity": "sha512-HaMAaCW70/oowjr4L9HS9QR81+MMZPw8aCIoXT5MDMW8udgPdqSAV6gsy7qTIKwtrI5YRqRtDgviqFiptkSyvg=="
    }
  }
}
